
Microsoft Visual Studio Solution File, Format Version 12.00
# Visual Studio Version 17
VisualStudioVersion = 17.8.34525.116
MinimumVisualStudioVersion = 10.0.40219.1
Project("{FAE04EC0-301F-11D3-BF4B-00C04F79EFBC}") = "Zywave", "Zywave\Zywave.csproj", "{E08487FD-F647-4FB2-B806-22F5A0ABD653}"
EndProject
Global
	GlobalSection(SolutionConfigurationPlatforms) = preSolution
		Debug|Any CPU = Debug|Any CPU
		Release|Any CPU = Release|Any CPU
	EndGlobalSection
	GlobalSection(ProjectConfigurationPlatforms) = postSolution
		{E08487FD-F647-4FB2-B806-22F5A0ABD653}.Debug|Any CPU.ActiveCfg = Debug|Any CPU
		{E08487FD-F647-4FB2-B806-22F5A0ABD653}.Debug|Any CPU.Build.0 = Debug|Any CPU
		{E08487FD-F647-4FB2-B806-22F5A0ABD653}.Release|Any CPU.ActiveCfg = Release|Any CPU
		{E08487FD-F647-4FB2-B806-22F5A0ABD653}.Release|Any CPU.Build.0 = Release|Any CPU
	EndGlobalSection
	GlobalSection(SolutionProperties) = preSolution
		HideSolutionNode = FALSE
	EndGlobalSection
	GlobalSection(ExtensibilityGlobals) = postSolution
		SolutionGuid = {92C4B658-A05D-48AC-BB59-C3BAA3AC55D2}
	EndGlobalSection
EndGlobal
